
Microsoft Visual Studio Solution File, Format Version 12.00
# Visual Studio Version 16
VisualStudioVersion = 16.0.29025.244
MinimumVisualStudioVersion = 10.0.40219.1
Project("{8BC9CEB8-8B4A-11D0-8D11-00A0C91BC942}") = "表达式求值", "表达式求值\表达式求值.vcxproj", "{CB276A40-92FF-4127-9DA2-2F8E0F43DF9E}"
EndProject
Global
	GlobalSection(SolutionConfigurationPlatforms) = preSolution
		Debug|x64 = Debug|x64
		Debug|x86 = Debug|x86
		Release|x64 = Release|x64
		Release|x86 = Release|x86
	EndGlobalSection
	GlobalSection(ProjectConfigurationPlatforms) = postSolution
		{CB276A40-92FF-4127-9DA2-2F8E0F43DF9E}.Debug|x64.ActiveCfg = Debug|x64
		{CB276A40-92FF-4127-9DA2-2F8E0F43DF9E}.Debug|x64.Build.0 = Debug|x64
		{CB276A40-92FF-4127-9DA2-2F8E0F43DF9E}.Debug|x86.ActiveCfg = Debug|Win32
		{CB276A40-92FF-4127-9DA2-2F8E0F43DF9E}.Debug|x86.Build.0 = Debug|Win32
		{CB276A40-92FF-4127-9DA2-2F8E0F43DF9E}.Release|x64.ActiveCfg = Release|x64
		{CB276A40-92FF-4127-9DA2-2F8E0F43DF9E}.Release|x64.Build.0 = Release|x64
		{CB276A40-92FF-4127-9DA2-2F8E0F43DF9E}.Release|x86.ActiveCfg = Release|Win32
		{CB276A40-92FF-4127-9DA2-2F8E0F43DF9E}.Release|x86.Build.0 = Release|Win32
	EndGlobalSection
	GlobalSection(SolutionProperties) = preSolution
		HideSolutionNode = FALSE
	EndGlobalSection
	GlobalSection(ExtensibilityGlobals) = postSolution
		SolutionGuid = {D74564A5-9B54-4DFC-895D-D29601D4D723}
	EndGlobalSection
EndGlobal
